
Microsoft Visual Studio Solution File, Format Version 12.00
# Visual Studio Version 17
VisualStudioVersion = 17.0.32112.339
MinimumVisualStudioVersion = 10.0.40219.1
Project("{FAE04EC0-301F-11D3-BF4B-00C04F79EFBC}") = "for", "for\for.csproj", "{AE62B025-9CB1-4241-A719-1475130B1B79}"
EndProject
Global
	GlobalSection(SolutionConfigurationPlatforms) = preSolution
		Debug|Any CPU = Debug|Any CPU
		Release|Any CPU = Release|Any CPU
	EndGlobalSection
	GlobalSection(ProjectConfigurationPlatforms) = postSolution
		{AE62B025-9CB1-4241-A719-1475130B1B79}.Debug|Any CPU.ActiveCfg = Debug|Any CPU
		{AE62B025-9CB1-4241-A719-1475130B1B79}.Debug|Any CPU.Build.0 = Debug|Any CPU
		{AE62B025-9CB1-4241-A719-1475130B1B79}.Release|Any CPU.ActiveCfg = Release|Any CPU
		{AE62B025-9CB1-4241-A719-1475130B1B79}.Release|Any CPU.Build.0 = Release|Any CPU
	EndGlobalSection
	GlobalSection(SolutionProperties) = preSolution
		HideSolutionNode = FALSE
	EndGlobalSection
	GlobalSection(ExtensibilityGlobals) = postSolution
		SolutionGuid = {C43A8ACF-3BF0-4434-BBC5-E9EABD47033D}
	EndGlobalSection
EndGlobal
