
Microsoft Visual Studio Solution File, Format Version 12.00
# Visual Studio Version 17
VisualStudioVersion = 17.0.32112.339
MinimumVisualStudioVersion = 10.0.40219.1
Project("{FAE04EC0-301F-11D3-BF4B-00C04F79EFBC}") = "foreach", "foreach\foreach.csproj", "{DAE9B659-9551-438A-A6B6-E5AE854A5D86}"
EndProject
Global
	GlobalSection(SolutionConfigurationPlatforms) = preSolution
		Debug|Any CPU = Debug|Any CPU
		Release|Any CPU = Release|Any CPU
	EndGlobalSection
	GlobalSection(ProjectConfigurationPlatforms) = postSolution
		{DAE9B659-9551-438A-A6B6-E5AE854A5D86}.Debug|Any CPU.ActiveCfg = Debug|Any CPU
		{DAE9B659-9551-438A-A6B6-E5AE854A5D86}.Debug|Any CPU.Build.0 = Debug|Any CPU
		{DAE9B659-9551-438A-A6B6-E5AE854A5D86}.Release|Any CPU.ActiveCfg = Release|Any CPU
		{DAE9B659-9551-438A-A6B6-E5AE854A5D86}.Release|Any CPU.Build.0 = Release|Any CPU
	EndGlobalSection
	GlobalSection(SolutionProperties) = preSolution
		HideSolutionNode = FALSE
	EndGlobalSection
	GlobalSection(ExtensibilityGlobals) = postSolution
		SolutionGuid = {F65B4072-6DA0-47F8-924A-FFB8C16A2EB4}
	EndGlobalSection
EndGlobal
